# THIS IS AN AUTOGENERATED FILE. DO NOT EDIT THIS FILE DIRECTLY.
# yarn lockfile v1


"@types/node@^11.15.3":
  version "11.15.20"
  resolved "https://registry.yarnpkg.com/@types/node/-/node-11.15.20.tgz#dacd63b282c1a0d40fa0ad216b7ca128afded614"
  integrity sha512-DY2QwdrBqNlsxdMehwzUtSsWHgYYPLVCAuXvOcu3wkzYmchbRunQ7OEZFOrmFoBLfA1ysz2Ypr6vtNP9WQkUaQ==

logger4@^1.8.0:
  version "1.8.1"
  resolved "https://registry.yarnpkg.com/logger4/-/logger4-1.8.1.tgz#235567f164f3a1ef5039b54881883a6eb03038c3"
  integrity sha512-em/F3PcqxMylcpyPvFw0/e06hvTCawUo3J/q0dC5OjK/QXzUH+hGa4Cshoi+sX3SQBiShP1rqp3TtqrerUkggA==

typescript@^3.4.5:
  version "3.9.7"
  resolved "https://registry.yarnpkg.com/typescript/-/typescript-3.9.7.tgz#98d600a5ebdc38f40cb277522f12dc800e9e25fa"
  integrity sha512-BLbiRkiBzAwsjut4x/dsibSTB6yWpwT5qWmC2OfuCg3GgVQCSgMs4vEctYPhsaGtd0AeuuHMkjZ2h2WG8MSzRw==

ws@^7.2.3:
  version "7.3.1"
  resolved "https://registry.yarnpkg.com/ws/-/ws-7.3.1.tgz#d0547bf67f7ce4f12a72dfe31262c68d7dc551c8"
  integrity sha512-D3RuNkynyHmEJIpD2qrgVkc9DQ23OrN/moAwZX4L8DfvszsJxpjQuUq3LMx6HoYji9fbIOBY18XWBsAux1ZZUA==
